
Microsoft Visual Studio Solution File, Format Version 12.00
# Visual Studio Version 16
VisualStudioVersion = 16.0.31515.178
MinimumVisualStudioVersion = 10.0.40219.1
Project("{9A19103F-16F7-4668-BE54-9A1E7A4F7556}") = "Voorbeeld.WebApplication", ".\Voorbeeld.WebApplication\Voorbeeld.WebApplication.csproj", "{B87E6217-4E07-403E-B36E-238FA6A25F8B}"
EndProject
Global
	GlobalSection(SolutionConfigurationPlatforms) = preSolution
		Debug|Any CPU = Debug|Any CPU
		Release|Any CPU = Release|Any CPU
	EndGlobalSection
	GlobalSection(ProjectConfigurationPlatforms) = postSolution
		{B87E6217-4E07-403E-B36E-238FA6A25F8B}.Debug|Any CPU.ActiveCfg = Debug|Any CPU
		{B87E6217-4E07-403E-B36E-238FA6A25F8B}.Debug|Any CPU.Build.0 = Debug|Any CPU
		{B87E6217-4E07-403E-B36E-238FA6A25F8B}.Release|Any CPU.ActiveCfg = Release|Any CPU
		{B87E6217-4E07-403E-B36E-238FA6A25F8B}.Release|Any CPU.Build.0 = Release|Any CPU
	EndGlobalSection
	GlobalSection(SolutionProperties) = preSolution
		HideSolutionNode = FALSE
	EndGlobalSection
	GlobalSection(ExtensibilityGlobals) = postSolution
		SolutionGuid = {02DE974F-8F1C-4F58-8E02-540CE0BF2016}
	EndGlobalSection
EndGlobal
